{
  "name": "satellite",
  "lockfileVersion": 3,
  "requires": true,
  "packages": {
    "": {
      "dependencies": {
        "suncalc": "^1.9.0",
        "tle.js": "^4.9.0"
      }
    },
    "node_modules/satellite.js": {
      "version": "4.1.4",
      "resolved": "https://registry.npmjs.org/satellite.js/-/satellite.js-4.1.4.tgz",
      "integrity": "sha512-OGUrs1GoGKjy9FYbW2ZaM5slaPfJaYrcxjE3YQTeR/OGyFPCxb6HK22Chao55POU06pdmNAdW5rtKJURse0+XA=="
    },
    "node_modules/suncalc": {
      "version": "1.9.0",
      "resolved": "https://registry.npmjs.org/suncalc/-/suncalc-1.9.0.tgz",
      "integrity": "sha512-vMJ8Byp1uIPoj+wb9c1AdK4jpkSKVAywgHX0lqY7zt6+EWRRC3Z+0Ucfjy/0yxTVO1hwwchZe4uoFNqrIC24+A=="
    },
    "node_modules/tle.js": {
      "version": "4.9.0",
      "resolved": "https://registry.npmjs.org/tle.js/-/tle.js-4.9.0.tgz",
      "integrity": "sha512-W3pLz/hvmo8LfACbXZqW86Q1DmdfD87xv5VGjONilZMzHDz29p3k3YW4exEz+SueDn1O+vByk/sFbO4/jIbaOg==",
      "dependencies": {
        "satellite.js": "^4.1.3"
      },
      "engines": {
        "node": ">=12"
      }
    }
  }
}
